
Microsoft Visual Studio Solution File, Format Version 12.00
# Visual Studio 15
VisualStudioVersion = 15.0.26403.7
MinimumVisualStudioVersion = 10.0.40219.1
Project("{FAE04EC0-301F-11D3-BF4B-00C04F79EFBC}") = "TradeSharpEntity", "TradeSharpEntity\TradeSharpEntity.csproj", "{DA7F0188-55A9-4359-A9C8-72B740C89A26}"
EndProject
Project("{FAE04EC0-301F-11D3-BF4B-00C04F79EFBC}") = "TradeSharpConsoleUtil", "TradeSharpConsoleUtil\TradeSharpConsoleUtil.csproj", "{BE7493F1-9D40-4C8C-92F7-8E4A10159CE3}"
EndProject
Global
	GlobalSection(SolutionConfigurationPlatforms) = preSolution
		Debug|Any CPU = Debug|Any CPU
		Release|Any CPU = Release|Any CPU
	EndGlobalSection
	GlobalSection(ProjectConfigurationPlatforms) = postSolution
		{DA7F0188-55A9-4359-A9C8-72B740C89A26}.Debug|Any CPU.ActiveCfg = Debug|Any CPU
		{DA7F0188-55A9-4359-A9C8-72B740C89A26}.Debug|Any CPU.Build.0 = Debug|Any CPU
		{DA7F0188-55A9-4359-A9C8-72B740C89A26}.Release|Any CPU.ActiveCfg = Release|Any CPU
		{DA7F0188-55A9-4359-A9C8-72B740C89A26}.Release|Any CPU.Build.0 = Release|Any CPU
		{BE7493F1-9D40-4C8C-92F7-8E4A10159CE3}.Debug|Any CPU.ActiveCfg = Debug|Any CPU
		{BE7493F1-9D40-4C8C-92F7-8E4A10159CE3}.Debug|Any CPU.Build.0 = Debug|Any CPU
		{BE7493F1-9D40-4C8C-92F7-8E4A10159CE3}.Release|Any CPU.ActiveCfg = Release|Any CPU
		{BE7493F1-9D40-4C8C-92F7-8E4A10159CE3}.Release|Any CPU.Build.0 = Release|Any CPU
	EndGlobalSection
	GlobalSection(SolutionProperties) = preSolution
		HideSolutionNode = FALSE
	EndGlobalSection
EndGlobal
